// !$*UTF8*$!
{
	archiveVersion = 1;
	classes = {
	};
	objectVersion = 77;
	objects = {

/* Begin PBXBuildFile section */
		FE9709F82DFFD64900A3B18D /* SnapKit in Frameworks */ = {isa = PBXBuildFile; productRef = FE9709F72DFFD64900A3B18D /* SnapKit */; };
/* End PBXBuildFile section */

/* Begin PBXContainerItemProxy section */
		FE97094E2DFFBA1600A3B18D /* PBXContainerItemProxy */ = {
			isa = PBXContainerItemProxy;
			containerPortal = FE97092F2DFFBA1500A3B18D /* Project object */;
			proxyType = 1;
			remoteGlobalIDString = FE9709362DFFBA1500A3B18D;
			remoteInfo = eBookViwerApp;
		};
		FE9709582DFFBA1600A3B18D /* PBXContainerItemProxy */ = {
			isa = PBXContainerItemProxy;
			containerPortal = FE97092F2DFFBA1500A3B18D /* Project object */;
			proxyType = 1;
			remoteGlobalIDString = FE9709362DFFBA1500A3B18D;
			remoteInfo = eBookViwerApp;
		};
/* End PBXContainerItemProxy section */

/* Begin PBXFileReference section */
		FE9709372DFFBA1500A3B18D /* eBookViwerApp.app */ = {isa = PBXFileReference; explicitFileType = wrapper.application; includeInIndex = 0; path = eBookViwerApp.app; sourceTree = BUILT_PRODUCTS_DIR; };
		FE97094D2DFFBA1600A3B18D /* eBookViwerAppTests.xctest */ = {isa = PBXFileReference; explicitFileType = wrapper.cfbundle; includeInIndex = 0; path = eBookViwerAppTests.xctest; sourceTree = BUILT_PRODUCTS_DIR; };
		FE9709572DFFBA1600A3B18D /* eBookViwerAppUITests.xctest */ = {isa = PBXFileReference; explicitFileType = wrapper.cfbundle; includeInIndex = 0; path = eBookViwerAppUITests.xctest; sourceTree = BUILT_PRODUCTS_DIR; };
/* End PBXFileReference section */

/* Begin PBXFileSystemSynchronizedBuildFileExceptionSet section */
		FE97095F2DFFBA1600A3B18D /* Exceptions for "eBookViwerApp" folder in "eBookViwerApp" target */ = {
			isa = PBXFileSystemSynchronizedBuildFileExceptionSet;
			membershipExceptions = (
				Info.plist,
			);
			target = FE9709362DFFBA1500A3B18D /* eBookViwerApp */;
		};
/* End PBXFileSystemSynchronizedBuildFileExceptionSet section */

/* Begin PBXFileSystemSynchronizedRootGroup section */
		FE9709392DFFBA1500A3B18D /* eBookViwerApp */ = {
			isa = PBXFileSystemSynchronizedRootGroup;
			exceptions = (
				FE97095F2DFFBA1600A3B18D /* Exceptions for "eBookViwerApp" folder in "eBookViwerApp" target */,
			);
			path = eBookViwerApp;
			sourceTree = "<group>";
		};
		FE9709502DFFBA1600A3B18D /* eBookViwerAppTests */ = {
			isa = PBXFileSystemSynchronizedRootGroup;
			path = eBookViwerAppTests;
			sourceTree = "<group>";
		};
		FE97095A2DFFBA1600A3B18D /* eBookViwerAppUITests */ = {
			isa = PBXFileSystemSynchronizedRootGroup;
			path = eBookViwerAppUITests;
			sourceTree = "<group>";
		};
/* End PBXFileSystemSynchronizedRootGroup section */

/* Begin PBXFrameworksBuildPhase section */
		FE9709342DFFBA1500A3B18D /* Frameworks */ = {
			isa = PBXFrameworksBuildPhase;
			buildActionMask = 2147483647;
			files = (
				FE9709F82DFFD64900A3B18D /* SnapKit in Frameworks */,
			);
			runOnlyForDeploymentPostprocessing = 0;
		};
		FE97094A2DFFBA1600A3B18D /* Frameworks */ = {
			isa = PBXFrameworksBuildPhase;
			buildActionMask = 2147483647;
			files = (
			);
			runOnlyForDeploymentPostprocessing = 0;
		};
		FE9709542DFFBA1600A3B18D /* Frameworks */ = {
			isa = PBXFrameworksBuildPhase;
			buildActionMask = 2147483647;
			files = (
			);
			runOnlyForDeploymentPostprocessing = 0;
		};
/* End PBXFrameworksBuildPhase section */

/* Begin PBXGroup section */
		FE97092E2DFFBA1500A3B18D = {
			isa = PBXGroup;
			children = (
				FE9709392DFFBA1500A3B18D /* eBookViwerApp */,
				FE9709502DFFBA1600A3B18D /* eBookViwerAppTests */,
				FE97095A2DFFBA1600A3B18D /* eBookViwerAppUITests */,
				FE9709382DFFBA1500A3B18D /* Products */,
			);
			sourceTree = "<group>";
		};
		FE9709382DFFBA1500A3B18D /* Products */ = {
			isa = PBXGroup;
			children = (
				FE9709372DFFBA1500A3B18D /* eBookViwerApp.app */,
				FE97094D2DFFBA1600A3B18D /* eBookViwerAppTests.xctest */,
				FE9709572DFFBA1600A3B18D /* eBookViwerAppUITests.xctest */,
			);
			name = Products;
			sourceTree = "<group>";
		};
/* End PBXGroup section */

/* Begin PBXNativeTarget section */
		FE9709362DFFBA1500A3B18D /* eBookViwerApp */ = {
			isa = PBXNativeTarget;
			buildConfigurationList = FE9709602DFFBA1600A3B18D /* Build configuration list for PBXNativeTarget "eBookViwerApp" */;
			buildPhases = (
				FE9709332DFFBA1500A3B18D /* Sources */,
				FE9709342DFFBA1500A3B18D /* Frameworks */,
				FE9709352DFFBA1500A3B18D /* Resources */,
			);
			buildRules = (
			);
			dependencies = (
			);
			fileSystemSynchronizedGroups = (
				FE9709392DFFBA1500A3B18D /* eBookViwerApp */,
			);
			name = eBookViwerApp;
			packageProductDependencies = (
				FE9709F72DFFD64900A3B18D /* SnapKit */,
			);
			productName = eBookViwerApp;
			productReference = FE9709372DFFBA1500A3B18D /* eBookViwerApp.app */;
			productType = "com.apple.product-type.application";
		};
		FE97094C2DFFBA1600A3B18D /* eBookViwerAppTests */ = {
			isa = PBXNativeTarget;
			buildConfigurationList = FE9709652DFFBA1600A3B18D /* Build configuration list for PBXNativeTarget "eBookViwerAppTests" */;
			buildPhases = (
				FE9709492DFFBA1600A3B18D /* Sources */,
				FE97094A2DFFBA1600A3B18D /* Frameworks */,
				FE97094B2DFFBA1600A3B18D /* Resources */,
			);
			buildRules = (
			);
			dependencies = (
				FE97094F2DFFBA1600A3B18D /* PBXTargetDependency */,
			);
			fileSystemSynchronizedGroups = (
				FE9709502DFFBA1600A3B18D /* eBookViwerAppTests */,
			);
			name = eBookViwerAppTests;
			packageProductDependencies = (
			);
			productName = eBookViwerAppTests;
			productReference = FE97094D2DFFBA1600A3B18D /* eBookViwerAppTests.xctest */;
			productType = "com.apple.product-type.bundle.unit-test";
		};
		FE9709562DFFBA1600A3B18D /* eBookViwerAppUITests */ = {
			isa = PBXNativeTarget;
			buildConfigurationList = FE9709682DFFBA1600A3B18D /* Build configuration list for PBXNativeTarget "eBookViwerAppUITests" */;
			buildPhases = (
				FE9709532DFFBA1600A3B18D /* Sources */,
				FE9709542DFFBA1600A3B18D /* Frameworks */,
				FE9709552DFFBA1600A3B18D /* Resources */,
			);
			buildRules = (
			);
			dependencies = (
				FE9709592DFFBA1600A3B18D /* PBXTargetDependency */,
			);
			fileSystemSynchronizedGroups = (
				FE97095A2DFFBA1600A3B18D /* eBookViwerAppUITests */,
			);
			name = eBookViwerAppUITests;
			packageProductDependencies = (
			);
			productName = eBookViwerAppUITests;
			productReference = FE9709572DFFBA1600A3B18D /* eBookViwerAppUITests.xctest */;
			productType = "com.apple.product-type.bundle.ui-testing";
		};
/* End PBXNativeTarget section */

/* Begin PBXProject section */
		FE97092F2DFFBA1500A3B18D /* Project object */ = {
			isa = PBXProject;
			attributes = {
				BuildIndependentTargetsInParallel = 1;
				LastSwiftUpdateCheck = 1640;
				LastUpgradeCheck = 1640;
				TargetAttributes = {
					FE9709362DFFBA1500A3B18D = {
						CreatedOnToolsVersion = 16.4;
					};
					FE97094C2DFFBA1600A3B18D = {
						CreatedOnToolsVersion = 16.4;
						TestTargetID = FE9709362DFFBA1500A3B18D;
					};
					FE9709562DFFBA1600A3B18D = {
						CreatedOnToolsVersion = 16.4;
						TestTargetID = FE9709362DFFBA1500A3B18D;
					};
				};
			};
			buildConfigurationList = FE9709322DFFBA1500A3B18D /* Build configuration list for PBXProject "eBookViwerApp" */;
			developmentRegion = en;
			hasScannedForEncodings = 0;
			knownRegions = (
				en,
				Base,
			);
			mainGroup = FE97092E2DFFBA1500A3B18D;
			minimizedProjectReferenceProxies = 1;
			packageReferences = (
				FE9709F62DFFD64900A3B18D /* XCRemoteSwiftPackageReference "SnapKit" */,
			);
			preferredProjectObjectVersion = 77;
			productRefGroup = FE9709382DFFBA1500A3B18D /* Products */;
			projectDirPath = "";
			projectRoot = "";
			targets = (
				FE9709362DFFBA1500A3B18D /* eBookViwerApp */,
				FE97094C2DFFBA1600A3B18D /* eBookViwerAppTests */,
				FE9709562DFFBA1600A3B18D /* eBookViwerAppUITests */,
			);
		};
/* End PBXProject section */

/* Begin PBXResourcesBuildPhase section */
		FE9709352DFFBA1500A3B18D /* Resources */ = {
			isa = PBXResourcesBuildPhase;
			buildActionMask = 2147483647;
			files = (
			);
			runOnlyForDeploymentPostprocessing = 0;
		};
		FE97094B2DFFBA1600A3B18D /* Resources */ = {
			isa = PBXResourcesBuildPhase;
			buildActionMask = 2147483647;
			files = (
			);
			runOnlyForDeploymentPostprocessing = 0;
		};
		FE9709552DFFBA1600A3B18D /* Resources */ = {
			isa = PBXResourcesBuildPhase;
			buildActionMask = 2147483647;
			files = (
			);
			runOnlyForDeploymentPostprocessing = 0;
		};
/* End PBXResourcesBuildPhase section */

/* Begin PBXSourcesBuildPhase section */
		FE9709332DFFBA1500A3B18D /* Sources */ = {
			isa = PBXSourcesBuildPhase;
			buildActionMask = 2147483647;
			files = (
			);
			runOnlyForDeploymentPostprocessing = 0;
		};
		FE9709492DFFBA1600A3B18D /* Sources */ = {
			isa = PBXSourcesBuildPhase;
			buildActionMask = 2147483647;
			files = (
			);
			runOnlyForDeploymentPostprocessing = 0;
		};
		FE9709532DFFBA1600A3B18D /* Sources */ = {
			isa = PBXSourcesBuildPhase;
			buildActionMask = 2147483647;
			files = (
			);
			runOnlyForDeploymentPostprocessing = 0;
		};
/* End PBXSourcesBuildPhase section */

/* Begin PBXTargetDependency section */
		FE97094F2DFFBA1600A3B18D /* PBXTargetDependency */ = {
			isa = PBXTargetDependency;
			target = FE9709362DFFBA1500A3B18D /* eBookViwerApp */;
			targetProxy = FE97094E2DFFBA1600A3B18D /* PBXContainerItemProxy */;
		};
		FE9709592DFFBA1600A3B18D /* PBXTargetDependency */ = {
			isa = PBXTargetDependency;
			target = FE9709362DFFBA1500A3B18D /* eBookViwerApp */;
			targetProxy = FE9709582DFFBA1600A3B18D /* PBXContainerItemProxy */;
		};
/* End PBXTargetDependency section */

/* Begin XCBuildConfiguration section */
		FE9709612DFFBA1600A3B18D /* Debug */ = {
			isa = XCBuildConfiguration;
			buildSettings = {
				ASSETCATALOG_COMPILER_APPICON_NAME = AppIcon;
				ASSETCATALOG_COMPILER_GLOBAL_ACCENT_COLOR_NAME = AccentColor;
				CODE_SIGN_STYLE = Automatic;
				CURRENT_PROJECT_VERSION = 1;
				GENERATE_INFOPLIST_FILE = YES;
				INFOPLIST_FILE = eBookViwerApp/Info.plist;
				INFOPLIST_KEY_UIApplicationSupportsIndirectInputEvents = YES;
				INFOPLIST_KEY_UILaunchStoryboardName = LaunchScreen;
				INFOPLIST_KEY_UISupportedInterfaceOrientations_iPad = "UIInterfaceOrientationPortrait UIInterfaceOrientationPortraitUpsideDown UIInterfaceOrientationLandscapeLeft UIInterfaceOrientationLandscapeRight";
				INFOPLIST_KEY_UISupportedInterfaceOrientations_iPhone = "UIInterfaceOrientationPortrait UIInterfaceOrientationLandscapeLeft UIInterfaceOrientationLandscapeRight";
				IPHONEOS_DEPLOYMENT_TARGET = 16.0;
				LD_RUNPATH_SEARCH_PATHS = (
					"$(inherited)",
					"@executable_path/Frameworks",
				);
				MARKETING_VERSION = 1.0;
				PRODUCT_BUNDLE_IDENTIFIER = com.yoon.eBookViwerApp;
				PRODUCT_NAME = "$(TARGET_NAME)";
				SWIFT_EMIT_LOC_STRINGS = YES;
				SWIFT_VERSION = 5.0;
				TARGETED_DEVICE_FAMILY = "1,2";
			};
			name = Debug;
		};
		FE9709622DFFBA1600A3B18D /* Release */ = {
			isa = XCBuildConfiguration;
			buildSettings = {
				ASSETCATALOG_COMPILER_APPICON_NAME = AppIcon;
				ASSETCATALOG_COMPILER_GLOBAL_ACCENT_COLOR_NAME = AccentColor;
				CODE_SIGN_STYLE = Automatic;
				CURRENT_PROJECT_VERSION = 1;
				GENERATE_INFOPLIST_FILE = YES;
				INFOPLIST_FILE = eBookViwerApp/Info.plist;
				INFOPLIST_KEY_UIApplicationSupportsIndirectInputEvents = YES;
				INFOPLIST_KEY_UILaunchStoryboardName = LaunchScreen;
				INFOPLIST_KEY_UISupportedInterfaceOrientations_iPad = "UIInterfaceOrientationPortrait UIInterfaceOrientationPortraitUpsideDown UIInterfaceOrientationLandscapeLeft UIInterfaceOrientationLandscapeRight";
				INFOPLIST_KEY_UISupportedInterfaceOrientations_iPhone = "UIInterfaceOrientationPortrait UIInterfaceOrientationLandscapeLeft UIInterfaceOrientationLandscapeRight";
				IPHONEOS_DEPLOYMENT_TARGET = 16.0;
				LD_RUNPATH_SEARCH_PATHS = (
					"$(inherited)",
					"@executable_path/Frameworks",
				);
				MARKETING_VERSION = 1.0;
				PRODUCT_BUNDLE_IDENTIFIER = com.yoon.eBookViwerApp;
				PRODUCT_NAME = "$(TARGET_NAME)";
				SWIFT_EMIT_LOC_STRINGS = YES;
				SWIFT_VERSION = 5.0;
				TARGETED_DEVICE_FAMILY = "1,2";
			};
			name = Release;
		};
		FE9709632DFFBA1600A3B18D /* Debug */ = {
			isa = XCBuildConfiguration;
			buildSettings = {
				ALWAYS_SEARCH_USER_PATHS = NO;
				ASSETCATALOG_COMPILER_GENERATE_SWIFT_ASSET_SYMBOL_EXTENSIONS = YES;
				CLANG_ANALYZER_NONNULL = YES;
				CLANG_ANALYZER_NUMBER_OBJECT_CONVERSION = YES_AGGRESSIVE;
				CLANG_CXX_LANGUAGE_STANDARD = "gnu++20";
				CLANG_ENABLE_MODULES = YES;
				CLANG_ENABLE_OBJC_ARC = YES;
				CLANG_ENABLE_OBJC_WEAK = YES;
				CLANG_WARN_BLOCK_CAPTURE_AUTORELEASING = YES;
				CLANG_WARN_BOOL_CONVERSION = YES;
				CLANG_WARN_COMMA = YES;
				CLANG_WARN_CONSTANT_CONVERSION = YES;
				CLANG_WARN_DEPRECATED_OBJC_IMPLEMENTATIONS = YES;
				CLANG_WARN_DIRECT_OBJC_ISA_USAGE = YES_ERROR;
				CLANG_WARN_DOCUMENTATION_COMMENTS = YES;
				CLANG_WARN_EMPTY_BODY = YES;
				CLANG_WARN_ENUM_CONVERSION = YES;
				CLANG_WARN_INFINITE_RECURSION = YES;
				CLANG_WARN_INT_CONVERSION = YES;
				CLANG_WARN_NON_LITERAL_NULL_CONVERSION = YES;
				CLANG_WARN_OBJC_IMPLICIT_RETAIN_SELF = YES;
				CLANG_WARN_OBJC_LITERAL_CONVERSION = YES;
				CLANG_WARN_OBJC_ROOT_CLASS = YES_ERROR;
				CLANG_WARN_QUOTED_INCLUDE_IN_FRAMEWORK_HEADER = YES;
				CLANG_WARN_RANGE_LOOP_ANALYSIS = YES;
				CLANG_WARN_STRICT_PROTOTYPES = YES;
				CLANG_WARN_SUSPICIOUS_MOVE = YES;
				CLANG_WARN_UNGUARDED_AVAILABILITY = YES_AGGRESSIVE;
				CLANG_WARN_UNREACHABLE_CODE = YES;
				CLANG_WARN__DUPLICATE_METHOD_MATCH = YES;
				COPY_PHASE_STRIP = NO;
				DEBUG_INFORMATION_FORMAT = dwarf;
				ENABLE_STRICT_OBJC_MSGSEND = YES;
				ENABLE_TESTABILITY = YES;
				ENABLE_USER_SCRIPT_SANDBOXING = YES;
				GCC_C_LANGUAGE_STANDARD = gnu17;
				GCC_DYNAMIC_NO_PIC = NO;
				GCC_NO_COMMON_BLOCKS = YES;
				GCC_OPTIMIZATION_LEVEL = 0;
				GCC_PREPROCESSOR_DEFINITIONS = (
					"DEBUG=1",
					"$(inherited)",
				);
				GCC_WARN_64_TO_32_BIT_CONVERSION = YES;
				GCC_WARN_ABOUT_RETURN_TYPE = YES_ERROR;
				GCC_WARN_UNDECLARED_SELECTOR = YES;
				GCC_WARN_UNINITIALIZED_AUTOS = YES_AGGRESSIVE;
				GCC_WARN_UNUSED_FUNCTION = YES;
				GCC_WARN_UNUSED_VARIABLE = YES;
				IPHONEOS_DEPLOYMENT_TARGET = 18.5;
				LOCALIZATION_PREFERS_STRING_CATALOGS = YES;
				MTL_ENABLE_DEBUG_INFO = INCLUDE_SOURCE;
				MTL_FAST_MATH = YES;
				ONLY_ACTIVE_ARCH = YES;
				SDKROOT = iphoneos;
				SWIFT_ACTIVE_COMPILATION_CONDITIONS = "DEBUG $(inherited)";
				SWIFT_OPTIMIZATION_LEVEL = "-Onone";
			};
			name = Debug;
		};
		FE9709642DFFBA1600A3B18D /* Release */ = {
			isa = XCBuildConfiguration;
			buildSettings = {
				ALWAYS_SEARCH_USER_PATHS = NO;
				ASSETCATALOG_COMPILER_GENERATE_SWIFT_ASSET_SYMBOL_EXTENSIONS = YES;
				CLANG_ANALYZER_NONNULL = YES;
				CLANG_ANALYZER_NUMBER_OBJECT_CONVERSION = YES_AGGRESSIVE;
				CLANG_CXX_LANGUAGE_STANDARD = "gnu++20";
				CLANG_ENABLE_MODULES = YES;
				CLANG_ENABLE_OBJC_ARC = YES;
				CLANG_ENABLE_OBJC_WEAK = YES;
				CLANG_WARN_BLOCK_CAPTURE_AUTORELEASING = YES;
				CLANG_WARN_BOOL_CONVERSION = YES;
				CLANG_WARN_COMMA = YES;
				CLANG_WARN_CONSTANT_CONVERSION = YES;
				CLANG_WARN_DEPRECATED_OBJC_IMPLEMENTATIONS = YES;
				CLANG_WARN_DIRECT_OBJC_ISA_USAGE = YES_ERROR;
				CLANG_WARN_DOCUMENTATION_COMMENTS = YES;
				CLANG_WARN_EMPTY_BODY = YES;
				CLANG_WARN_ENUM_CONVERSION = YES;
				CLANG_WARN_INFINITE_RECURSION = YES;
				CLANG_WARN_INT_CONVERSION = YES;
				CLANG_WARN_NON_LITERAL_NULL_CONVERSION = YES;
				CLANG_WARN_OBJC_IMPLICIT_RETAIN_SELF = YES;
				CLANG_WARN_OBJC_LITERAL_CONVERSION = YES;
				CLANG_WARN_OBJC_ROOT_CLASS = YES_ERROR;
				CLANG_WARN_QUOTED_INCLUDE_IN_FRAMEWORK_HEADER = YES;
				CLANG_WARN_RANGE_LOOP_ANALYSIS = YES;
				CLANG_WARN_STRICT_PROTOTYPES = YES;
				CLANG_WARN_SUSPICIOUS_MOVE = YES;
				CLANG_WARN_UNGUARDED_AVAILABILITY = YES_AGGRESSIVE;
				CLANG_WARN_UNREACHABLE_CODE = YES;
				CLANG_WARN__DUPLICATE_METHOD_MATCH = YES;
				COPY_PHASE_STRIP = NO;
				DEBUG_INFORMATION_FORMAT = "dwarf-with-dsym";
				ENABLE_NS_ASSERTIONS = NO;
				ENABLE_STRICT_OBJC_MSGSEND = YES;
				ENABLE_USER_SCRIPT_SANDBOXING = YES;
				GCC_C_LANGUAGE_STANDARD = gnu17;
				GCC_NO_COMMON_BLOCKS = YES;
				GCC_WARN_64_TO_32_BIT_CONVERSION = YES;
				GCC_WARN_ABOUT_RETURN_TYPE = YES_ERROR;
				GCC_WARN_UNDECLARED_SELECTOR = YES;
				GCC_WARN_UNINITIALIZED_AUTOS = YES_AGGRESSIVE;
				GCC_WARN_UNUSED_FUNCTION = YES;
				GCC_WARN_UNUSED_VARIABLE = YES;
				IPHONEOS_DEPLOYMENT_TARGET = 18.5;
				LOCALIZATION_PREFERS_STRING_CATALOGS = YES;
				MTL_ENABLE_DEBUG_INFO = NO;
				MTL_FAST_MATH = YES;
				SDKROOT = iphoneos;
				SWIFT_COMPILATION_MODE = wholemodule;
				VALIDATE_PRODUCT = YES;
			};
			name = Release;
		};
		FE9709662DFFBA1600A3B18D /* Debug */ = {
			isa = XCBuildConfiguration;
			buildSettings = {
				BUNDLE_LOADER = "$(TEST_HOST)";
				CODE_SIGN_STYLE = Automatic;
				CURRENT_PROJECT_VERSION = 1;
				GENERATE_INFOPLIST_FILE = YES;
				IPHONEOS_DEPLOYMENT_TARGET = 18.5;
				MARKETING_VERSION = 1.0;
				PRODUCT_BUNDLE_IDENTIFIER = com.yoon.eBookViwerAppTests;
				PRODUCT_NAME = "$(TARGET_NAME)";
				SWIFT_EMIT_LOC_STRINGS = NO;
				SWIFT_VERSION = 5.0;
				TARGETED_DEVICE_FAMILY = "1,2";
				TEST_HOST = "$(BUILT_PRODUCTS_DIR)/eBookViwerApp.app/$(BUNDLE_EXECUTABLE_FOLDER_PATH)/eBookViwerApp";
			};
			name = Debug;
		};
		FE9709672DFFBA1600A3B18D /* Release */ = {
			isa = XCBuildConfiguration;
			buildSettings = {
				BUNDLE_LOADER = "$(TEST_HOST)";
				CODE_SIGN_STYLE = Automatic;
				CURRENT_PROJECT_VERSION = 1;
				GENERATE_INFOPLIST_FILE = YES;
				IPHONEOS_DEPLOYMENT_TARGET = 18.5;
				MARKETING_VERSION = 1.0;
				PRODUCT_BUNDLE_IDENTIFIER = com.yoon.eBookViwerAppTests;
				PRODUCT_NAME = "$(TARGET_NAME)";
				SWIFT_EMIT_LOC_STRINGS = NO;
				SWIFT_VERSION = 5.0;
				TARGETED_DEVICE_FAMILY = "1,2";
				TEST_HOST = "$(BUILT_PRODUCTS_DIR)/eBookViwerApp.app/$(BUNDLE_EXECUTABLE_FOLDER_PATH)/eBookViwerApp";
			};
			name = Release;
		};
		FE9709692DFFBA1600A3B18D /* Debug */ = {
			isa = XCBuildConfiguration;
			buildSettings = {
				CODE_SIGN_STYLE = Automatic;
				CURRENT_PROJECT_VERSION = 1;
				GENERATE_INFOPLIST_FILE = YES;
				MARKETING_VERSION = 1.0;
				PRODUCT_BUNDLE_IDENTIFIER = com.yoon.eBookViwerAppUITests;
				PRODUCT_NAME = "$(TARGET_NAME)";
				SWIFT_EMIT_LOC_STRINGS = NO;
				SWIFT_VERSION = 5.0;
				TARGETED_DEVICE_FAMILY = "1,2";
				TEST_TARGET_NAME = eBookViwerApp;
			};
			name = Debug;
		};
		FE97096A2DFFBA1600A3B18D /* Release */ = {
			isa = XCBuildConfiguration;
			buildSettings = {
				CODE_SIGN_STYLE = Automatic;
				CURRENT_PROJECT_VERSION = 1;
				GENERATE_INFOPLIST_FILE = YES;
				MARKETING_VERSION = 1.0;
				PRODUCT_BUNDLE_IDENTIFIER = com.yoon.eBookViwerAppUITests;
				PRODUCT_NAME = "$(TARGET_NAME)";
				SWIFT_EMIT_LOC_STRINGS = NO;
				SWIFT_VERSION = 5.0;
				TARGETED_DEVICE_FAMILY = "1,2";
				TEST_TARGET_NAME = eBookViwerApp;
			};
			name = Release;
		};
/* End XCBuildConfiguration section */

/* Begin XCConfigurationList section */
		FE9709322DFFBA1500A3B18D /* Build configuration list for PBXProject "eBookViwerApp" */ = {
			isa = XCConfigurationList;
			buildConfigurations = (
				FE9709632DFFBA1600A3B18D /* Debug */,
				FE9709642DFFBA1600A3B18D /* Release */,
			);
			defaultConfigurationIsVisible = 0;
			defaultConfigurationName = Release;
		};
		FE9709602DFFBA1600A3B18D /* Build configuration list for PBXNativeTarget "eBookViwerApp" */ = {
			isa = XCConfigurationList;
			buildConfigurations = (
				FE9709612DFFBA1600A3B18D /* Debug */,
				FE9709622DFFBA1600A3B18D /* Release */,
			);
			defaultConfigurationIsVisible = 0;
			defaultConfigurationName = Release;
		};
		FE9709652DFFBA1600A3B18D /* Build configuration list for PBXNativeTarget "eBookViwerAppTests" */ = {
			isa = XCConfigurationList;
			buildConfigurations = (
				FE9709662DFFBA1600A3B18D /* Debug */,
				FE9709672DFFBA1600A3B18D /* Release */,
			);
			defaultConfigurationIsVisible = 0;
			defaultConfigurationName = Release;
		};
		FE9709682DFFBA1600A3B18D /* Build configuration list for PBXNativeTarget "eBookViwerAppUITests" */ = {
			isa = XCConfigurationList;
			buildConfigurations = (
				FE9709692DFFBA1600A3B18D /* Debug */,
				FE97096A2DFFBA1600A3B18D /* Release */,
			);
			defaultConfigurationIsVisible = 0;
			defaultConfigurationName = Release;
		};
/* End XCConfigurationList section */

/* Begin XCRemoteSwiftPackageReference section */
		FE9709F62DFFD64900A3B18D /* XCRemoteSwiftPackageReference "SnapKit" */ = {
			isa = XCRemoteSwiftPackageReference;
			repositoryURL = "https://github.com/SnapKit/SnapKit.git";
			requirement = {
				kind = upToNextMajorVersion;
				minimumVersion = 5.7.1;
			};
		};
/* End XCRemoteSwiftPackageReference section */

/* Begin XCSwiftPackageProductDependency section */
		FE9709F72DFFD64900A3B18D /* SnapKit */ = {
			isa = XCSwiftPackageProductDependency;
			package = FE9709F62DFFD64900A3B18D /* XCRemoteSwiftPackageReference "SnapKit" */;
			productName = SnapKit;
		};
/* End XCSwiftPackageProductDependency section */
	};
	rootObject = FE97092F2DFFBA1500A3B18D /* Project object */;
}
